
Microsoft Visual Studio Solution File, Format Version 12.00
Project("{FAE04EC0-301F-11D3-BF4B-00C04F79EFBC}") = "AwesomePackages", "AwesomePackages\AwesomePackages.csproj", "{AB989B72-23CB-4470-B429-36B5CEC42B20}"
EndProject
Global
	GlobalSection(SolutionConfigurationPlatforms) = preSolution
		Debug|Any CPU = Debug|Any CPU
		Release|Any CPU = Release|Any CPU
	EndGlobalSection
	GlobalSection(ProjectConfigurationPlatforms) = postSolution
		{AB989B72-23CB-4470-B429-36B5CEC42B20}.Debug|Any CPU.ActiveCfg = Debug|Any CPU
		{AB989B72-23CB-4470-B429-36B5CEC42B20}.Debug|Any CPU.Build.0 = Debug|Any CPU
		{AB989B72-23CB-4470-B429-36B5CEC42B20}.Release|Any CPU.ActiveCfg = Release|Any CPU
		{AB989B72-23CB-4470-B429-36B5CEC42B20}.Release|Any CPU.Build.0 = Release|Any CPU
	EndGlobalSection
EndGlobal
